
Microsoft Visual Studio Solution File, Format Version 12.00
# Visual Studio 15
VisualStudioVersion = 15.0.28307.1321
MinimumVisualStudioVersion = 10.0.40219.1
Project("{FAE04EC0-301F-11D3-BF4B-00C04F79EFBC}") = "Client", "Client\Client.csproj", "{838FE77C-3476-4F1D-99B2-57FF74C16888}"
EndProject
Global
	GlobalSection(SolutionConfigurationPlatforms) = preSolution
		Debug|Any CPU = Debug|Any CPU
		Release|Any CPU = Release|Any CPU
	EndGlobalSection
	GlobalSection(ProjectConfigurationPlatforms) = postSolution
		{838FE77C-3476-4F1D-99B2-57FF74C16888}.Debug|Any CPU.ActiveCfg = Debug|Any CPU
		{838FE77C-3476-4F1D-99B2-57FF74C16888}.Debug|Any CPU.Build.0 = Debug|Any CPU
		{838FE77C-3476-4F1D-99B2-57FF74C16888}.Release|Any CPU.ActiveCfg = Release|Any CPU
		{838FE77C-3476-4F1D-99B2-57FF74C16888}.Release|Any CPU.Build.0 = Release|Any CPU
	EndGlobalSection
	GlobalSection(SolutionProperties) = preSolution
		HideSolutionNode = FALSE
	EndGlobalSection
	GlobalSection(ExtensibilityGlobals) = postSolution
		SolutionGuid = {F46F0771-8711-41EF-8F70-6DE4F56A66FB}
	EndGlobalSection
EndGlobal
